
Microsoft Visual Studio Solution File, Format Version 12.00
# Visual Studio Version 17
VisualStudioVersion = 17.3.32929.385
MinimumVisualStudioVersion = 10.0.40219.1
Project("{FAE04EC0-301F-11D3-BF4B-00C04F79EFBC}") = "SuperAdventure", "SuperAdventure\SuperAdventure.csproj", "{2A66195F-4FF1-4C9C-84AB-A3320CE3AD80}"
EndProject
Project("{FAE04EC0-301F-11D3-BF4B-00C04F79EFBC}") = "Engine", "Engine\Engine.csproj", "{7320F208-3139-413E-9D86-E746A9655002}"
EndProject
Global
	GlobalSection(SolutionConfigurationPlatforms) = preSolution
		Debug|Any CPU = Debug|Any CPU
		Release|Any CPU = Release|Any CPU
	EndGlobalSection
	GlobalSection(ProjectConfigurationPlatforms) = postSolution
		{2A66195F-4FF1-4C9C-84AB-A3320CE3AD80}.Debug|Any CPU.ActiveCfg = Debug|Any CPU
		{2A66195F-4FF1-4C9C-84AB-A3320CE3AD80}.Debug|Any CPU.Build.0 = Debug|Any CPU
		{2A66195F-4FF1-4C9C-84AB-A3320CE3AD80}.Release|Any CPU.ActiveCfg = Release|Any CPU
		{2A66195F-4FF1-4C9C-84AB-A3320CE3AD80}.Release|Any CPU.Build.0 = Release|Any CPU
		{7320F208-3139-413E-9D86-E746A9655002}.Debug|Any CPU.ActiveCfg = Debug|Any CPU
		{7320F208-3139-413E-9D86-E746A9655002}.Debug|Any CPU.Build.0 = Debug|Any CPU
		{7320F208-3139-413E-9D86-E746A9655002}.Release|Any CPU.ActiveCfg = Release|Any CPU
		{7320F208-3139-413E-9D86-E746A9655002}.Release|Any CPU.Build.0 = Release|Any CPU
	EndGlobalSection
	GlobalSection(SolutionProperties) = preSolution
		HideSolutionNode = FALSE
	EndGlobalSection
	GlobalSection(ExtensibilityGlobals) = postSolution
		SolutionGuid = {120B1F0A-43DC-432E-A6B0-0B0FFEF01F95}
	EndGlobalSection
EndGlobal
